
Microsoft Visual Studio Solution File, Format Version 12.00
# Visual Studio Version 16
VisualStudioVersion = 16.0.30114.105
MinimumVisualStudioVersion = 10.0.40219.1
Project("{2150E333-8FDC-42A3-9474-1A3956D46DE8}") = "src", "src", "{91B8B267-E3E4-48A1-A9FF-1FC5FDBC5677}"
EndProject
Project("{FAE04EC0-301F-11D3-BF4B-00C04F79EFBC}") = "StringSimilarityUtils", "src\StringSimilarityUtils\StringSimilarityUtils.csproj", "{EB4170BC-A946-4123-AAC2-FD0F7FCD3A97}"
EndProject
Project("{2150E333-8FDC-42A3-9474-1A3956D46DE8}") = "tests", "tests", "{D6BF546A-0B68-4C93-821C-9FF2B9152146}"
EndProject
Project("{FAE04EC0-301F-11D3-BF4B-00C04F79EFBC}") = "StringSimilarityUtils.Tests", "tests\StringSimilarityUtils.Tests\StringSimilarityUtils.Tests.csproj", "{72B1CE13-B0AD-4F3C-8A70-1CFEB5A4A7CE}"
EndProject
Global
	GlobalSection(SolutionConfigurationPlatforms) = preSolution
		Debug|Any CPU = Debug|Any CPU
		Release|Any CPU = Release|Any CPU
	EndGlobalSection
	GlobalSection(SolutionProperties) = preSolution
		HideSolutionNode = FALSE
	EndGlobalSection
	GlobalSection(ProjectConfigurationPlatforms) = postSolution
		{EB4170BC-A946-4123-AAC2-FD0F7FCD3A97}.Debug|Any CPU.ActiveCfg = Debug|Any CPU
		{EB4170BC-A946-4123-AAC2-FD0F7FCD3A97}.Debug|Any CPU.Build.0 = Debug|Any CPU
		{EB4170BC-A946-4123-AAC2-FD0F7FCD3A97}.Release|Any CPU.ActiveCfg = Release|Any CPU
		{EB4170BC-A946-4123-AAC2-FD0F7FCD3A97}.Release|Any CPU.Build.0 = Release|Any CPU
		{72B1CE13-B0AD-4F3C-8A70-1CFEB5A4A7CE}.Debug|Any CPU.ActiveCfg = Debug|Any CPU
		{72B1CE13-B0AD-4F3C-8A70-1CFEB5A4A7CE}.Debug|Any CPU.Build.0 = Debug|Any CPU
		{72B1CE13-B0AD-4F3C-8A70-1CFEB5A4A7CE}.Release|Any CPU.ActiveCfg = Release|Any CPU
		{72B1CE13-B0AD-4F3C-8A70-1CFEB5A4A7CE}.Release|Any CPU.Build.0 = Release|Any CPU
	EndGlobalSection
	GlobalSection(NestedProjects) = preSolution
		{EB4170BC-A946-4123-AAC2-FD0F7FCD3A97} = {91B8B267-E3E4-48A1-A9FF-1FC5FDBC5677}
		{72B1CE13-B0AD-4F3C-8A70-1CFEB5A4A7CE} = {D6BF546A-0B68-4C93-821C-9FF2B9152146}
	EndGlobalSection
EndGlobal
